
Microsoft Visual Studio Solution File, Format Version 12.00
# Visual Studio Version 17
VisualStudioVersion = 17.5.33516.290
MinimumVisualStudioVersion = 10.0.40219.1
Project("{FAE04EC0-301F-11D3-BF4B-00C04F79EFBC}") = "StateManagement", "StateManagement.csproj", "{4130D773-4930-4C21-9BCF-0C5244F585D0}"
EndProject
Project("{FAE04EC0-301F-11D3-BF4B-00C04F79EFBC}") = "PackageManagementModule", "..\PackageManagementModule\PackageManagementModule.csproj", "{60E89D3D-6DF6-405E-A3F1-6CDB1996E93B}"
EndProject
Project("{FAE04EC0-301F-11D3-BF4B-00C04F79EFBC}") = "OrderModule", "..\OrderModule\OrderModule.csproj", "{5F3D91F5-FB89-4A31-B9F6-18CCB0A2CE1C}"
EndProject
Global
	GlobalSection(SolutionConfigurationPlatforms) = preSolution
		Debug|Any CPU = Debug|Any CPU
		Release|Any CPU = Release|Any CPU
	EndGlobalSection
	GlobalSection(ProjectConfigurationPlatforms) = postSolution
		{4130D773-4930-4C21-9BCF-0C5244F585D0}.Debug|Any CPU.ActiveCfg = Debug|Any CPU
		{4130D773-4930-4C21-9BCF-0C5244F585D0}.Debug|Any CPU.Build.0 = Debug|Any CPU
		{4130D773-4930-4C21-9BCF-0C5244F585D0}.Release|Any CPU.ActiveCfg = Release|Any CPU
		{4130D773-4930-4C21-9BCF-0C5244F585D0}.Release|Any CPU.Build.0 = Release|Any CPU
		{60E89D3D-6DF6-405E-A3F1-6CDB1996E93B}.Debug|Any CPU.ActiveCfg = Debug|Any CPU
		{60E89D3D-6DF6-405E-A3F1-6CDB1996E93B}.Debug|Any CPU.Build.0 = Debug|Any CPU
		{60E89D3D-6DF6-405E-A3F1-6CDB1996E93B}.Release|Any CPU.ActiveCfg = Release|Any CPU
		{60E89D3D-6DF6-405E-A3F1-6CDB1996E93B}.Release|Any CPU.Build.0 = Release|Any CPU
		{5F3D91F5-FB89-4A31-B9F6-18CCB0A2CE1C}.Debug|Any CPU.ActiveCfg = Debug|Any CPU
		{5F3D91F5-FB89-4A31-B9F6-18CCB0A2CE1C}.Debug|Any CPU.Build.0 = Debug|Any CPU
		{5F3D91F5-FB89-4A31-B9F6-18CCB0A2CE1C}.Release|Any CPU.ActiveCfg = Release|Any CPU
		{5F3D91F5-FB89-4A31-B9F6-18CCB0A2CE1C}.Release|Any CPU.Build.0 = Release|Any CPU
	EndGlobalSection
	GlobalSection(SolutionProperties) = preSolution
		HideSolutionNode = FALSE
	EndGlobalSection
	GlobalSection(ExtensibilityGlobals) = postSolution
		SolutionGuid = {247F6DC2-3D04-42AB-9F15-80301320C5C1}
	EndGlobalSection
EndGlobal
